
Microsoft Visual Studio Solution File, Format Version 12.00
# Visual Studio Version 16
VisualStudioVersion = 16.0.30204.135
MinimumVisualStudioVersion = 10.0.40219.1
Project("{FAE04EC0-301F-11D3-BF4B-00C04F79EFBC}") = "aspnet", "aspnet.csproj", "{70FB224F-F1B5-4DF8-928A-B4953A10409C}"
EndProject
Global
	GlobalSection(SolutionConfigurationPlatforms) = preSolution
		Debug|Any CPU = Debug|Any CPU
		Release|Any CPU = Release|Any CPU
	EndGlobalSection
	GlobalSection(ProjectConfigurationPlatforms) = postSolution
		{70FB224F-F1B5-4DF8-928A-B4953A10409C}.Debug|Any CPU.ActiveCfg = Debug|Any CPU
		{70FB224F-F1B5-4DF8-928A-B4953A10409C}.Debug|Any CPU.Build.0 = Debug|Any CPU
		{70FB224F-F1B5-4DF8-928A-B4953A10409C}.Release|Any CPU.ActiveCfg = Release|Any CPU
		{70FB224F-F1B5-4DF8-928A-B4953A10409C}.Release|Any CPU.Build.0 = Release|Any CPU
	EndGlobalSection
	GlobalSection(SolutionProperties) = preSolution
		HideSolutionNode = FALSE
	EndGlobalSection
	GlobalSection(ExtensibilityGlobals) = postSolution
		SolutionGuid = {0F9FFFC8-13AA-4BE5-8729-1F6F0578F363}
	EndGlobalSection
EndGlobal
